
Microsoft Visual Studio Solution File, Format Version 12.00
# Visual Studio Version 17
VisualStudioVersion = 17.8.34330.188
MinimumVisualStudioVersion = 10.0.40219.1
Project("{FAE04EC0-301F-11D3-BF4B-00C04F79EFBC}") = "MercuryWorksSample", "MercuryWorksSample\MercuryWorksSample.csproj", "{4EF4D04F-E91E-437F-9F35-A53F745551E0}"
EndProject
Global
	GlobalSection(SolutionConfigurationPlatforms) = preSolution
		Debug|Any CPU = Debug|Any CPU
		Release|Any CPU = Release|Any CPU
	EndGlobalSection
	GlobalSection(ProjectConfigurationPlatforms) = postSolution
		{4EF4D04F-E91E-437F-9F35-A53F745551E0}.Debug|Any CPU.ActiveCfg = Debug|Any CPU
		{4EF4D04F-E91E-437F-9F35-A53F745551E0}.Debug|Any CPU.Build.0 = Debug|Any CPU
		{4EF4D04F-E91E-437F-9F35-A53F745551E0}.Release|Any CPU.ActiveCfg = Release|Any CPU
		{4EF4D04F-E91E-437F-9F35-A53F745551E0}.Release|Any CPU.Build.0 = Release|Any CPU
	EndGlobalSection
	GlobalSection(SolutionProperties) = preSolution
		HideSolutionNode = FALSE
	EndGlobalSection
	GlobalSection(ExtensibilityGlobals) = postSolution
		SolutionGuid = {0530FAA4-BA39-43B7-B6F8-CC21A1A3A437}
	EndGlobalSection
EndGlobal
